
Microsoft Visual Studio Solution File, Format Version 12.00
# Visual Studio 2015
Project("{FAE04EC0-301F-11D3-BF4B-00C04F79EFBC}") = "Caranchoa.CSharp.Plugins", "Caranchoa.CSharp.Plugins.csproj", "{D1A4D42B-6E82-9631-ABA8-FDE17809DF25}"
EndProject
Project("{FAE04EC0-301F-11D3-BF4B-00C04F79EFBC}") = "Caranchoa.CSharp", "Caranchoa.CSharp.csproj", "{E6F158EC-A6F2-C748-E61A-41E14852E1F7}"
EndProject
Project("{FAE04EC0-301F-11D3-BF4B-00C04F79EFBC}") = "Caranchoa.CSharp.Editor", "Caranchoa.CSharp.Editor.csproj", "{6D80292D-EA4C-F159-8AFA-4F31D082053B}"
EndProject
Global
	GlobalSection(SolutionConfigurationPlatforms) = preSolution
		Debug|Any CPU = Debug|Any CPU
		Release|Any CPU = Release|Any CPU
	EndGlobalSection
	GlobalSection(ProjectConfigurationPlatforms) = postSolution
		{D1A4D42B-6E82-9631-ABA8-FDE17809DF25}.Debug|Any CPU.ActiveCfg = Debug|Any CPU
		{D1A4D42B-6E82-9631-ABA8-FDE17809DF25}.Debug|Any CPU.Build.0 = Debug|Any CPU
		{D1A4D42B-6E82-9631-ABA8-FDE17809DF25}.Release|Any CPU.ActiveCfg = Release|Any CPU
		{D1A4D42B-6E82-9631-ABA8-FDE17809DF25}.Release|Any CPU.Build.0 = Release|Any CPU
		{E6F158EC-A6F2-C748-E61A-41E14852E1F7}.Debug|Any CPU.ActiveCfg = Debug|Any CPU
		{E6F158EC-A6F2-C748-E61A-41E14852E1F7}.Debug|Any CPU.Build.0 = Debug|Any CPU
		{E6F158EC-A6F2-C748-E61A-41E14852E1F7}.Release|Any CPU.ActiveCfg = Release|Any CPU
		{E6F158EC-A6F2-C748-E61A-41E14852E1F7}.Release|Any CPU.Build.0 = Release|Any CPU
		{6D80292D-EA4C-F159-8AFA-4F31D082053B}.Debug|Any CPU.ActiveCfg = Debug|Any CPU
		{6D80292D-EA4C-F159-8AFA-4F31D082053B}.Debug|Any CPU.Build.0 = Debug|Any CPU
		{6D80292D-EA4C-F159-8AFA-4F31D082053B}.Release|Any CPU.ActiveCfg = Release|Any CPU
		{6D80292D-EA4C-F159-8AFA-4F31D082053B}.Release|Any CPU.Build.0 = Release|Any CPU
	EndGlobalSection
	GlobalSection(SolutionProperties) = preSolution
		HideSolutionNode = FALSE
	EndGlobalSection
EndGlobal
